
Microsoft Visual Studio Solution File, Format Version 11.00
# Visual Studio 2010
Project("{FAE04EC0-301F-11D3-BF4B-00C04F79EFBC}") = "Turtle-Management", "Turtle-Management\Turtle-Management.csproj", "{7675CDE3-D12B-498B-87D7-5F02BD6796ED}"
EndProject
Global
	GlobalSection(SolutionConfigurationPlatforms) = preSolution
		Debug|Any CPU = Debug|Any CPU
		Release|Any CPU = Release|Any CPU
	EndGlobalSection
	GlobalSection(ProjectConfigurationPlatforms) = postSolution
		{7675CDE3-D12B-498B-87D7-5F02BD6796ED}.Debug|Any CPU.ActiveCfg = Debug|Any CPU
		{7675CDE3-D12B-498B-87D7-5F02BD6796ED}.Debug|Any CPU.Build.0 = Debug|Any CPU
		{7675CDE3-D12B-498B-87D7-5F02BD6796ED}.Release|Any CPU.ActiveCfg = Release|Any CPU
		{7675CDE3-D12B-498B-87D7-5F02BD6796ED}.Release|Any CPU.Build.0 = Release|Any CPU
	EndGlobalSection
	GlobalSection(SolutionProperties) = preSolution
		HideSolutionNode = FALSE
	EndGlobalSection
EndGlobal
